// !$*UTF8*$!
{
	archiveVersion = 1;
	classes = {
	};
	objectVersion = 77;
	objects = {

/* Begin PBXBuildFile section */
		04CF6FC96B7B39968AE66F2B /* Pods_ZqtOOMDetector.framework in Frameworks */ = {isa = PBXBuildFile; fileRef = AD93B1B89163510CD19A1543 /* Pods_ZqtOOMDetector.framework */; };
		BAACAE9CB0D31B173A5A7588 /* Pods_ZqtOOMDetectorTests.framework in Frameworks */ = {isa = PBXBuildFile; fileRef = 74F318B297885B36F36783FD /* Pods_ZqtOOMDetectorTests.framework */; };
/* End PBXBuildFile section */

/* Begin PBXContainerItemProxy section */
		8CE7D2C52DD19345009B3EDE /* PBXContainerItemProxy */ = {
			isa = PBXContainerItemProxy;
			containerPortal = 8CE7D23A2DCF7B38009B3EDE /* Project object */;
			proxyType = 1;
			remoteGlobalIDString = 8CE7D2412DCF7B38009B3EDE;
			remoteInfo = ZqtOOMDetector;
		};
/* End PBXContainerItemProxy section */

/* Begin PBXFileReference section */
		0E99ADEB2D146ADF044EFDA1 /* Pods-ZqtOOMDetector.release.xcconfig */ = {isa = PBXFileReference; includeInIndex = 1; lastKnownFileType = text.xcconfig; name = "Pods-ZqtOOMDetector.release.xcconfig"; path = "Target Support Files/Pods-ZqtOOMDetector/Pods-ZqtOOMDetector.release.xcconfig"; sourceTree = "<group>"; };
		69FE2770E452F6E307CDC875 /* Pods-ZqtOOMDetectorTests.debug.xcconfig */ = {isa = PBXFileReference; includeInIndex = 1; lastKnownFileType = text.xcconfig; name = "Pods-ZqtOOMDetectorTests.debug.xcconfig"; path = "Target Support Files/Pods-ZqtOOMDetectorTests/Pods-ZqtOOMDetectorTests.debug.xcconfig"; sourceTree = "<group>"; };
		74F318B297885B36F36783FD /* Pods_ZqtOOMDetectorTests.framework */ = {isa = PBXFileReference; explicitFileType = wrapper.framework; includeInIndex = 0; path = Pods_ZqtOOMDetectorTests.framework; sourceTree = BUILT_PRODUCTS_DIR; };
		8CE7D2422DCF7B38009B3EDE /* ZqtOOMDetector.app */ = {isa = PBXFileReference; explicitFileType = wrapper.application; includeInIndex = 0; path = ZqtOOMDetector.app; sourceTree = BUILT_PRODUCTS_DIR; };
		8CE7D2C12DD19345009B3EDE /* ZqtOOMDetectorTests.xctest */ = {isa = PBXFileReference; explicitFileType = wrapper.cfbundle; includeInIndex = 0; path = ZqtOOMDetectorTests.xctest; sourceTree = BUILT_PRODUCTS_DIR; };
		8CE7D2D22DD1DBBA009B3EDE /* VmRegion.xctestplan */ = {isa = PBXFileReference; lastKnownFileType = text; path = VmRegion.xctestplan; sourceTree = "<group>"; };
		ACB8A214387AE0A89E13D409 /* Pods-ZqtOOMDetectorTests.release.xcconfig */ = {isa = PBXFileReference; includeInIndex = 1; lastKnownFileType = text.xcconfig; name = "Pods-ZqtOOMDetectorTests.release.xcconfig"; path = "Target Support Files/Pods-ZqtOOMDetectorTests/Pods-ZqtOOMDetectorTests.release.xcconfig"; sourceTree = "<group>"; };
		AD93B1B89163510CD19A1543 /* Pods_ZqtOOMDetector.framework */ = {isa = PBXFileReference; explicitFileType = wrapper.framework; includeInIndex = 0; path = Pods_ZqtOOMDetector.framework; sourceTree = BUILT_PRODUCTS_DIR; };
		DFEAD4204670C35D3151B26E /* Pods-ZqtOOMDetector.debug.xcconfig */ = {isa = PBXFileReference; includeInIndex = 1; lastKnownFileType = text.xcconfig; name = "Pods-ZqtOOMDetector.debug.xcconfig"; path = "Target Support Files/Pods-ZqtOOMDetector/Pods-ZqtOOMDetector.debug.xcconfig"; sourceTree = "<group>"; };
/* End PBXFileReference section */

/* Begin PBXFileSystemSynchronizedBuildFileExceptionSet section */
		8CE7D2592DCF7B3D009B3EDE /* Exceptions for "ZqtOOMDetector" folder in "ZqtOOMDetector" target */ = {
			isa = PBXFileSystemSynchronizedBuildFileExceptionSet;
			membershipExceptions = (
				Info.plist,
			);
			target = 8CE7D2412DCF7B38009B3EDE /* ZqtOOMDetector */;
		};
/* End PBXFileSystemSynchronizedBuildFileExceptionSet section */

/* Begin PBXFileSystemSynchronizedRootGroup section */
		8CE7D2442DCF7B38009B3EDE /* ZqtOOMDetector */ = {
			isa = PBXFileSystemSynchronizedRootGroup;
			exceptions = (
				8CE7D2592DCF7B3D009B3EDE /* Exceptions for "ZqtOOMDetector" folder in "ZqtOOMDetector" target */,
			);
			path = ZqtOOMDetector;
			sourceTree = "<group>";
		};
		8CE7D2C22DD19345009B3EDE /* ZqtOOMDetectorTests */ = {
			isa = PBXFileSystemSynchronizedRootGroup;
			path = ZqtOOMDetectorTests;
			sourceTree = "<group>";
		};
/* End PBXFileSystemSynchronizedRootGroup section */

/* Begin PBXFrameworksBuildPhase section */
		8CE7D23F2DCF7B38009B3EDE /* Frameworks */ = {
			isa = PBXFrameworksBuildPhase;
			buildActionMask = 2147483647;
			files = (
				04CF6FC96B7B39968AE66F2B /* Pods_ZqtOOMDetector.framework in Frameworks */,
			);
			runOnlyForDeploymentPostprocessing = 0;
		};
		8CE7D2BE2DD19345009B3EDE /* Frameworks */ = {
			isa = PBXFrameworksBuildPhase;
			buildActionMask = 2147483647;
			files = (
				BAACAE9CB0D31B173A5A7588 /* Pods_ZqtOOMDetectorTests.framework in Frameworks */,
			);
			runOnlyForDeploymentPostprocessing = 0;
		};
/* End PBXFrameworksBuildPhase section */

/* Begin PBXGroup section */
		668183025C13B6D2DBCB1FDD /* Pods */ = {
			isa = PBXGroup;
			children = (
				DFEAD4204670C35D3151B26E /* Pods-ZqtOOMDetector.debug.xcconfig */,
				0E99ADEB2D146ADF044EFDA1 /* Pods-ZqtOOMDetector.release.xcconfig */,
				69FE2770E452F6E307CDC875 /* Pods-ZqtOOMDetectorTests.debug.xcconfig */,
				ACB8A214387AE0A89E13D409 /* Pods-ZqtOOMDetectorTests.release.xcconfig */,
			);
			path = Pods;
			sourceTree = "<group>";
		};
		8CE7D2392DCF7B38009B3EDE = {
			isa = PBXGroup;
			children = (
				8CE7D2D22DD1DBBA009B3EDE /* VmRegion.xctestplan */,
				8CE7D2442DCF7B38009B3EDE /* ZqtOOMDetector */,
				8CE7D2C22DD19345009B3EDE /* ZqtOOMDetectorTests */,
				8CE7D2432DCF7B38009B3EDE /* Products */,
				668183025C13B6D2DBCB1FDD /* Pods */,
				FABC857DB7C59758ED291417 /* Frameworks */,
			);
			sourceTree = "<group>";
		};
		8CE7D2432DCF7B38009B3EDE /* Products */ = {
			isa = PBXGroup;
			children = (
				8CE7D2422DCF7B38009B3EDE /* ZqtOOMDetector.app */,
				8CE7D2C12DD19345009B3EDE /* ZqtOOMDetectorTests.xctest */,
			);
			name = Products;
			sourceTree = "<group>";
		};
		FABC857DB7C59758ED291417 /* Frameworks */ = {
			isa = PBXGroup;
			children = (
				AD93B1B89163510CD19A1543 /* Pods_ZqtOOMDetector.framework */,
				74F318B297885B36F36783FD /* Pods_ZqtOOMDetectorTests.framework */,
			);
			name = Frameworks;
			sourceTree = "<group>";
		};
/* End PBXGroup section */

/* Begin PBXNativeTarget section */
		8CE7D2412DCF7B38009B3EDE /* ZqtOOMDetector */ = {
			isa = PBXNativeTarget;
			buildConfigurationList = 8CE7D25A2DCF7B3D009B3EDE /* Build configuration list for PBXNativeTarget "ZqtOOMDetector" */;
			buildPhases = (
				827C9FD99E720A3E56E4B722 /* [CP] Check Pods Manifest.lock */,
				8CE7D23E2DCF7B38009B3EDE /* Sources */,
				8CE7D23F2DCF7B38009B3EDE /* Frameworks */,
				8CE7D2402DCF7B38009B3EDE /* Resources */,
			);
			buildRules = (
			);
			dependencies = (
			);
			fileSystemSynchronizedGroups = (
				8CE7D2442DCF7B38009B3EDE /* ZqtOOMDetector */,
			);
			name = ZqtOOMDetector;
			productName = ZqtOOMDetector;
			productReference = 8CE7D2422DCF7B38009B3EDE /* ZqtOOMDetector.app */;
			productType = "com.apple.product-type.application";
		};
		8CE7D2C02DD19345009B3EDE /* ZqtOOMDetectorTests */ = {
			isa = PBXNativeTarget;
			buildConfigurationList = 8CE7D2C92DD19345009B3EDE /* Build configuration list for PBXNativeTarget "ZqtOOMDetectorTests" */;
			buildPhases = (
				BDA1C2281E4E260CFBFF239A /* [CP] Check Pods Manifest.lock */,
				8CE7D2BD2DD19345009B3EDE /* Sources */,
				8CE7D2BE2DD19345009B3EDE /* Frameworks */,
				8CE7D2BF2DD19345009B3EDE /* Resources */,
			);
			buildRules = (
			);
			dependencies = (
				8CE7D2C62DD19345009B3EDE /* PBXTargetDependency */,
			);
			fileSystemSynchronizedGroups = (
				8CE7D2C22DD19345009B3EDE /* ZqtOOMDetectorTests */,
			);
			name = ZqtOOMDetectorTests;
			productName = ZqtOOMDetectorTests;
			productReference = 8CE7D2C12DD19345009B3EDE /* ZqtOOMDetectorTests.xctest */;
			productType = "com.apple.product-type.bundle.unit-test";
		};
/* End PBXNativeTarget section */

/* Begin PBXProject section */
		8CE7D23A2DCF7B38009B3EDE /* Project object */ = {
			isa = PBXProject;
			attributes = {
				BuildIndependentTargetsInParallel = 1;
				LastUpgradeCheck = 1630;
				TargetAttributes = {
					8CE7D2412DCF7B38009B3EDE = {
						CreatedOnToolsVersion = 16.3;
					};
					8CE7D2C02DD19345009B3EDE = {
						CreatedOnToolsVersion = 16.3;
						TestTargetID = 8CE7D2412DCF7B38009B3EDE;
					};
				};
			};
			buildConfigurationList = 8CE7D23D2DCF7B38009B3EDE /* Build configuration list for PBXProject "ZqtOOMDetector" */;
			developmentRegion = en;
			hasScannedForEncodings = 0;
			knownRegions = (
				en,
				Base,
			);
			mainGroup = 8CE7D2392DCF7B38009B3EDE;
			minimizedProjectReferenceProxies = 1;
			preferredProjectObjectVersion = 77;
			productRefGroup = 8CE7D2432DCF7B38009B3EDE /* Products */;
			projectDirPath = "";
			projectRoot = "";
			targets = (
				8CE7D2412DCF7B38009B3EDE /* ZqtOOMDetector */,
				8CE7D2C02DD19345009B3EDE /* ZqtOOMDetectorTests */,
			);
		};
/* End PBXProject section */

/* Begin PBXResourcesBuildPhase section */
		8CE7D2402DCF7B38009B3EDE /* Resources */ = {
			isa = PBXResourcesBuildPhase;
			buildActionMask = 2147483647;
			files = (
			);
			runOnlyForDeploymentPostprocessing = 0;
		};
		8CE7D2BF2DD19345009B3EDE /* Resources */ = {
			isa = PBXResourcesBuildPhase;
			buildActionMask = 2147483647;
			files = (
			);
			runOnlyForDeploymentPostprocessing = 0;
		};
/* End PBXResourcesBuildPhase section */

/* Begin PBXShellScriptBuildPhase section */
		827C9FD99E720A3E56E4B722 /* [CP] Check Pods Manifest.lock */ = {
			isa = PBXShellScriptBuildPhase;
			buildActionMask = 2147483647;
			files = (
			);
			inputFileListPaths = (
			);
			inputPaths = (
				"${PODS_PODFILE_DIR_PATH}/Podfile.lock",
				"${PODS_ROOT}/Manifest.lock",
			);
			name = "[CP] Check Pods Manifest.lock";
			outputFileListPaths = (
			);
			outputPaths = (
				"$(DERIVED_FILE_DIR)/Pods-ZqtOOMDetector-checkManifestLockResult.txt",
			);
			runOnlyForDeploymentPostprocessing = 0;
			shellPath = /bin/sh;
			shellScript = "diff \"${PODS_PODFILE_DIR_PATH}/Podfile.lock\" \"${PODS_ROOT}/Manifest.lock\" > /dev/null\nif [ $? != 0 ] ; then\n    # print error to STDERR\n    echo \"error: The sandbox is not in sync with the Podfile.lock. Run 'pod install' or update your CocoaPods installation.\" >&2\n    exit 1\nfi\n# This output is used by Xcode 'outputs' to avoid re-running this script phase.\necho \"SUCCESS\" > \"${SCRIPT_OUTPUT_FILE_0}\"\n";
			showEnvVarsInLog = 0;
		};
		BDA1C2281E4E260CFBFF239A /* [CP] Check Pods Manifest.lock */ = {
			isa = PBXShellScriptBuildPhase;
			buildActionMask = 2147483647;
			files = (
			);
			inputFileListPaths = (
			);
			inputPaths = (
				"${PODS_PODFILE_DIR_PATH}/Podfile.lock",
				"${PODS_ROOT}/Manifest.lock",
			);
			name = "[CP] Check Pods Manifest.lock";
			outputFileListPaths = (
			);
			outputPaths = (
				"$(DERIVED_FILE_DIR)/Pods-ZqtOOMDetectorTests-checkManifestLockResult.txt",
			);
			runOnlyForDeploymentPostprocessing = 0;
			shellPath = /bin/sh;
			shellScript = "diff \"${PODS_PODFILE_DIR_PATH}/Podfile.lock\" \"${PODS_ROOT}/Manifest.lock\" > /dev/null\nif [ $? != 0 ] ; then\n    # print error to STDERR\n    echo \"error: The sandbox is not in sync with the Podfile.lock. Run 'pod install' or update your CocoaPods installation.\" >&2\n    exit 1\nfi\n# This output is used by Xcode 'outputs' to avoid re-running this script phase.\necho \"SUCCESS\" > \"${SCRIPT_OUTPUT_FILE_0}\"\n";
			showEnvVarsInLog = 0;
		};
/* End PBXShellScriptBuildPhase section */

/* Begin PBXSourcesBuildPhase section */
		8CE7D23E2DCF7B38009B3EDE /* Sources */ = {
			isa = PBXSourcesBuildPhase;
			buildActionMask = 2147483647;
			files = (
			);
			runOnlyForDeploymentPostprocessing = 0;
		};
		8CE7D2BD2DD19345009B3EDE /* Sources */ = {
			isa = PBXSourcesBuildPhase;
			buildActionMask = 2147483647;
			files = (
			);
			runOnlyForDeploymentPostprocessing = 0;
		};
/* End PBXSourcesBuildPhase section */

/* Begin PBXTargetDependency section */
		8CE7D2C62DD19345009B3EDE /* PBXTargetDependency */ = {
			isa = PBXTargetDependency;
			target = 8CE7D2412DCF7B38009B3EDE /* ZqtOOMDetector */;
			targetProxy = 8CE7D2C52DD19345009B3EDE /* PBXContainerItemProxy */;
		};
/* End PBXTargetDependency section */

/* Begin XCBuildConfiguration section */
		8CE7D25B2DCF7B3D009B3EDE /* Debug */ = {
			isa = XCBuildConfiguration;
			baseConfigurationReference = DFEAD4204670C35D3151B26E /* Pods-ZqtOOMDetector.debug.xcconfig */;
			buildSettings = {
				ASSETCATALOG_COMPILER_APPICON_NAME = AppIcon;
				ASSETCATALOG_COMPILER_GLOBAL_ACCENT_COLOR_NAME = AccentColor;
				CODE_SIGN_STYLE = Automatic;
				CURRENT_PROJECT_VERSION = 1;
				DEVELOPMENT_TEAM = K9X2236C57;
				GENERATE_INFOPLIST_FILE = YES;
				INFOPLIST_FILE = ZqtOOMDetector/Info.plist;
				INFOPLIST_KEY_UIApplicationSupportsIndirectInputEvents = YES;
				INFOPLIST_KEY_UILaunchStoryboardName = LaunchScreen;
				INFOPLIST_KEY_UIMainStoryboardFile = Main;
				INFOPLIST_KEY_UISupportedInterfaceOrientations_iPad = "UIInterfaceOrientationPortrait UIInterfaceOrientationPortraitUpsideDown UIInterfaceOrientationLandscapeLeft UIInterfaceOrientationLandscapeRight";
				INFOPLIST_KEY_UISupportedInterfaceOrientations_iPhone = "UIInterfaceOrientationPortrait UIInterfaceOrientationLandscapeLeft UIInterfaceOrientationLandscapeRight";
				IPHONEOS_DEPLOYMENT_TARGET = 18;
				LD_RUNPATH_SEARCH_PATHS = (
					"$(inherited)",
					"@executable_path/Frameworks",
				);
				MARKETING_VERSION = 1.0;
				PRODUCT_BUNDLE_IDENTIFIER = com.rafael.test.ZqtOOMDetector;
				PRODUCT_NAME = "$(TARGET_NAME)";
				SWIFT_EMIT_LOC_STRINGS = YES;
				TARGETED_DEVICE_FAMILY = "1,2";
			};
			name = Debug;
		};
		8CE7D25C2DCF7B3D009B3EDE /* Release */ = {
			isa = XCBuildConfiguration;
			baseConfigurationReference = 0E99ADEB2D146ADF044EFDA1 /* Pods-ZqtOOMDetector.release.xcconfig */;
			buildSettings = {
				ASSETCATALOG_COMPILER_APPICON_NAME = AppIcon;
				ASSETCATALOG_COMPILER_GLOBAL_ACCENT_COLOR_NAME = AccentColor;
				CODE_SIGN_STYLE = Automatic;
				CURRENT_PROJECT_VERSION = 1;
				DEVELOPMENT_TEAM = K9X2236C57;
				GENERATE_INFOPLIST_FILE = YES;
				INFOPLIST_FILE = ZqtOOMDetector/Info.plist;
				INFOPLIST_KEY_UIApplicationSupportsIndirectInputEvents = YES;
				INFOPLIST_KEY_UILaunchStoryboardName = LaunchScreen;
				INFOPLIST_KEY_UIMainStoryboardFile = Main;
				INFOPLIST_KEY_UISupportedInterfaceOrientations_iPad = "UIInterfaceOrientationPortrait UIInterfaceOrientationPortraitUpsideDown UIInterfaceOrientationLandscapeLeft UIInterfaceOrientationLandscapeRight";
				INFOPLIST_KEY_UISupportedInterfaceOrientations_iPhone = "UIInterfaceOrientationPortrait UIInterfaceOrientationLandscapeLeft UIInterfaceOrientationLandscapeRight";
				IPHONEOS_DEPLOYMENT_TARGET = 18;
				LD_RUNPATH_SEARCH_PATHS = (
					"$(inherited)",
					"@executable_path/Frameworks",
				);
				MARKETING_VERSION = 1.0;
				PRODUCT_BUNDLE_IDENTIFIER = com.rafael.test.ZqtOOMDetector;
				PRODUCT_NAME = "$(TARGET_NAME)";
				SWIFT_EMIT_LOC_STRINGS = YES;
				TARGETED_DEVICE_FAMILY = "1,2";
			};
			name = Release;
		};
		8CE7D25D2DCF7B3D009B3EDE /* Debug */ = {
			isa = XCBuildConfiguration;
			buildSettings = {
				ALWAYS_SEARCH_USER_PATHS = NO;
				ASSETCATALOG_COMPILER_GENERATE_SWIFT_ASSET_SYMBOL_EXTENSIONS = YES;
				CLANG_ANALYZER_NONNULL = YES;
				CLANG_ANALYZER_NUMBER_OBJECT_CONVERSION = YES_AGGRESSIVE;
				CLANG_CXX_LANGUAGE_STANDARD = "gnu++20";
				CLANG_ENABLE_MODULES = YES;
				CLANG_ENABLE_OBJC_ARC = YES;
				CLANG_ENABLE_OBJC_WEAK = YES;
				CLANG_WARN_BLOCK_CAPTURE_AUTORELEASING = YES;
				CLANG_WARN_BOOL_CONVERSION = YES;
				CLANG_WARN_COMMA = YES;
				CLANG_WARN_CONSTANT_CONVERSION = YES;
				CLANG_WARN_DEPRECATED_OBJC_IMPLEMENTATIONS = YES;
				CLANG_WARN_DIRECT_OBJC_ISA_USAGE = YES_ERROR;
				CLANG_WARN_DOCUMENTATION_COMMENTS = YES;
				CLANG_WARN_EMPTY_BODY = YES;
				CLANG_WARN_ENUM_CONVERSION = YES;
				CLANG_WARN_INFINITE_RECURSION = YES;
				CLANG_WARN_INT_CONVERSION = YES;
				CLANG_WARN_NON_LITERAL_NULL_CONVERSION = YES;
				CLANG_WARN_OBJC_IMPLICIT_RETAIN_SELF = YES;
				CLANG_WARN_OBJC_LITERAL_CONVERSION = YES;
				CLANG_WARN_OBJC_ROOT_CLASS = YES_ERROR;
				CLANG_WARN_QUOTED_INCLUDE_IN_FRAMEWORK_HEADER = YES;
				CLANG_WARN_RANGE_LOOP_ANALYSIS = YES;
				CLANG_WARN_STRICT_PROTOTYPES = YES;
				CLANG_WARN_SUSPICIOUS_MOVE = YES;
				CLANG_WARN_UNGUARDED_AVAILABILITY = YES_AGGRESSIVE;
				CLANG_WARN_UNREACHABLE_CODE = YES;
				CLANG_WARN__DUPLICATE_METHOD_MATCH = YES;
				COPY_PHASE_STRIP = NO;
				DEBUG_INFORMATION_FORMAT = dwarf;
				DEVELOPMENT_TEAM = K9X2236C57;
				ENABLE_STRICT_OBJC_MSGSEND = YES;
				ENABLE_TESTABILITY = YES;
				ENABLE_USER_SCRIPT_SANDBOXING = YES;
				GCC_C_LANGUAGE_STANDARD = gnu17;
				GCC_DYNAMIC_NO_PIC = NO;
				GCC_NO_COMMON_BLOCKS = YES;
				GCC_OPTIMIZATION_LEVEL = 0;
				GCC_PREPROCESSOR_DEFINITIONS = (
					"DEBUG=1",
					"$(inherited)",
				);
				GCC_WARN_64_TO_32_BIT_CONVERSION = YES;
				GCC_WARN_ABOUT_RETURN_TYPE = YES_ERROR;
				GCC_WARN_UNDECLARED_SELECTOR = YES;
				GCC_WARN_UNINITIALIZED_AUTOS = YES_AGGRESSIVE;
				GCC_WARN_UNUSED_FUNCTION = YES;
				GCC_WARN_UNUSED_VARIABLE = YES;
				IPHONEOS_DEPLOYMENT_TARGET = 18.4;
				LOCALIZATION_PREFERS_STRING_CATALOGS = YES;
				MTL_ENABLE_DEBUG_INFO = INCLUDE_SOURCE;
				MTL_FAST_MATH = YES;
				ONLY_ACTIVE_ARCH = YES;
				OTHER_LDFLAGS = (
					"-lc++",
					"-Wl,-keep_private_externs",
				);
				SDKROOT = iphoneos;
			};
			name = Debug;
		};
		8CE7D25E2DCF7B3D009B3EDE /* Release */ = {
			isa = XCBuildConfiguration;
			buildSettings = {
				ALWAYS_SEARCH_USER_PATHS = NO;
				ASSETCATALOG_COMPILER_GENERATE_SWIFT_ASSET_SYMBOL_EXTENSIONS = YES;
				CLANG_ANALYZER_NONNULL = YES;
				CLANG_ANALYZER_NUMBER_OBJECT_CONVERSION = YES_AGGRESSIVE;
				CLANG_CXX_LANGUAGE_STANDARD = "gnu++20";
				CLANG_ENABLE_MODULES = YES;
				CLANG_ENABLE_OBJC_ARC = YES;
				CLANG_ENABLE_OBJC_WEAK = YES;
				CLANG_WARN_BLOCK_CAPTURE_AUTORELEASING = YES;
				CLANG_WARN_BOOL_CONVERSION = YES;
				CLANG_WARN_COMMA = YES;
				CLANG_WARN_CONSTANT_CONVERSION = YES;
				CLANG_WARN_DEPRECATED_OBJC_IMPLEMENTATIONS = YES;
				CLANG_WARN_DIRECT_OBJC_ISA_USAGE = YES_ERROR;
				CLANG_WARN_DOCUMENTATION_COMMENTS = YES;
				CLANG_WARN_EMPTY_BODY = YES;
				CLANG_WARN_ENUM_CONVERSION = YES;
				CLANG_WARN_INFINITE_RECURSION = YES;
				CLANG_WARN_INT_CONVERSION = YES;
				CLANG_WARN_NON_LITERAL_NULL_CONVERSION = YES;
				CLANG_WARN_OBJC_IMPLICIT_RETAIN_SELF = YES;
				CLANG_WARN_OBJC_LITERAL_CONVERSION = YES;
				CLANG_WARN_OBJC_ROOT_CLASS = YES_ERROR;
				CLANG_WARN_QUOTED_INCLUDE_IN_FRAMEWORK_HEADER = YES;
				CLANG_WARN_RANGE_LOOP_ANALYSIS = YES;
				CLANG_WARN_STRICT_PROTOTYPES = YES;
				CLANG_WARN_SUSPICIOUS_MOVE = YES;
				CLANG_WARN_UNGUARDED_AVAILABILITY = YES_AGGRESSIVE;
				CLANG_WARN_UNREACHABLE_CODE = YES;
				CLANG_WARN__DUPLICATE_METHOD_MATCH = YES;
				COPY_PHASE_STRIP = NO;
				DEBUG_INFORMATION_FORMAT = "dwarf-with-dsym";
				DEVELOPMENT_TEAM = K9X2236C57;
				ENABLE_NS_ASSERTIONS = NO;
				ENABLE_STRICT_OBJC_MSGSEND = YES;
				ENABLE_USER_SCRIPT_SANDBOXING = YES;
				GCC_C_LANGUAGE_STANDARD = gnu17;
				GCC_NO_COMMON_BLOCKS = YES;
				GCC_WARN_64_TO_32_BIT_CONVERSION = YES;
				GCC_WARN_ABOUT_RETURN_TYPE = YES_ERROR;
				GCC_WARN_UNDECLARED_SELECTOR = YES;
				GCC_WARN_UNINITIALIZED_AUTOS = YES_AGGRESSIVE;
				GCC_WARN_UNUSED_FUNCTION = YES;
				GCC_WARN_UNUSED_VARIABLE = YES;
				IPHONEOS_DEPLOYMENT_TARGET = 18.4;
				LOCALIZATION_PREFERS_STRING_CATALOGS = YES;
				MTL_ENABLE_DEBUG_INFO = NO;
				MTL_FAST_MATH = YES;
				OTHER_LDFLAGS = (
					"-lc++",
					"-Wl,-keep_private_externs",
				);
				SDKROOT = iphoneos;
				VALIDATE_PRODUCT = YES;
			};
			name = Release;
		};
		8CE7D2C72DD19345009B3EDE /* Debug */ = {
			isa = XCBuildConfiguration;
			baseConfigurationReference = 69FE2770E452F6E307CDC875 /* Pods-ZqtOOMDetectorTests.debug.xcconfig */;
			buildSettings = {
				BUNDLE_LOADER = "$(TEST_HOST)";
				CODE_SIGN_STYLE = Automatic;
				CURRENT_PROJECT_VERSION = 1;
				DEVELOPMENT_TEAM = K9X2236C57;
				GENERATE_INFOPLIST_FILE = YES;
				IPHONEOS_DEPLOYMENT_TARGET = 18;
				MARKETING_VERSION = 1.0;
				PRODUCT_BUNDLE_IDENTIFIER = com.rafael.test.ZqtOOMDetectorTests;
				PRODUCT_NAME = "$(TARGET_NAME)";
				SWIFT_EMIT_LOC_STRINGS = NO;
				TARGETED_DEVICE_FAMILY = "1,2";
				TEST_HOST = "$(BUILT_PRODUCTS_DIR)/ZqtOOMDetector.app/$(BUNDLE_EXECUTABLE_FOLDER_PATH)/ZqtOOMDetector";
			};
			name = Debug;
		};
		8CE7D2C82DD19345009B3EDE /* Release */ = {
			isa = XCBuildConfiguration;
			baseConfigurationReference = ACB8A214387AE0A89E13D409 /* Pods-ZqtOOMDetectorTests.release.xcconfig */;
			buildSettings = {
				BUNDLE_LOADER = "$(TEST_HOST)";
				CODE_SIGN_STYLE = Automatic;
				CURRENT_PROJECT_VERSION = 1;
				DEVELOPMENT_TEAM = K9X2236C57;
				GENERATE_INFOPLIST_FILE = YES;
				IPHONEOS_DEPLOYMENT_TARGET = 18;
				MARKETING_VERSION = 1.0;
				PRODUCT_BUNDLE_IDENTIFIER = com.rafael.test.ZqtOOMDetectorTests;
				PRODUCT_NAME = "$(TARGET_NAME)";
				SWIFT_EMIT_LOC_STRINGS = NO;
				TARGETED_DEVICE_FAMILY = "1,2";
				TEST_HOST = "$(BUILT_PRODUCTS_DIR)/ZqtOOMDetector.app/$(BUNDLE_EXECUTABLE_FOLDER_PATH)/ZqtOOMDetector";
			};
			name = Release;
		};
/* End XCBuildConfiguration section */

/* Begin XCConfigurationList section */
		8CE7D23D2DCF7B38009B3EDE /* Build configuration list for PBXProject "ZqtOOMDetector" */ = {
			isa = XCConfigurationList;
			buildConfigurations = (
				8CE7D25D2DCF7B3D009B3EDE /* Debug */,
				8CE7D25E2DCF7B3D009B3EDE /* Release */,
			);
			defaultConfigurationIsVisible = 0;
			defaultConfigurationName = Release;
		};
		8CE7D25A2DCF7B3D009B3EDE /* Build configuration list for PBXNativeTarget "ZqtOOMDetector" */ = {
			isa = XCConfigurationList;
			buildConfigurations = (
				8CE7D25B2DCF7B3D009B3EDE /* Debug */,
				8CE7D25C2DCF7B3D009B3EDE /* Release */,
			);
			defaultConfigurationIsVisible = 0;
			defaultConfigurationName = Release;
		};
		8CE7D2C92DD19345009B3EDE /* Build configuration list for PBXNativeTarget "ZqtOOMDetectorTests" */ = {
			isa = XCConfigurationList;
			buildConfigurations = (
				8CE7D2C72DD19345009B3EDE /* Debug */,
				8CE7D2C82DD19345009B3EDE /* Release */,
			);
			defaultConfigurationIsVisible = 0;
			defaultConfigurationName = Release;
		};
/* End XCConfigurationList section */
	};
	rootObject = 8CE7D23A2DCF7B38009B3EDE /* Project object */;
}
